{
    "_readme": [
        "This file locks the dependencies of your project to a known state",
        "Read more about it at https://getcomposer.org/doc/01-basic-usage.md#installing-dependencies",
        "This file is @generated automatically"
    ],
    "content-hash": "98cc9f743f1b162601cbd7b7c7d3171a",
    "packages": [
        {
            "name": "composer/installers",
            "version": "dev-main",
            "source": {
                "type": "git",
                "url": "https://github.com/composer/installers.git",
                "reference": "a241e78aaeb09781f5f5b92ac01ffd13ab43e5e8"
            },
            "dist": {
                "type": "zip",
                "url": "https://api.github.com/repos/composer/installers/zipball/a241e78aaeb09781f5f5b92ac01ffd13ab43e5e8",
                "reference": "a241e78aaeb09781f5f5b92ac01ffd13ab43e5e8",
                "shasum": ""
            },
            "require": {
                "composer-plugin-api": "^1.0 || ^2.0",
                "php": "^7.2 || ^8.0"
            },
            "require-dev": {
                "composer/composer": "1.6.* || ^2.0",
                "composer/semver": "^1 || ^3",
                "phpstan/phpstan": "^0.12.55",
                "phpstan/phpstan-phpunit": "^0.12.16",
                "symfony/phpunit-bridge": "^5.3",
                "symfony/process": "^5"
            },
            "default-branch": true,
            "type": "composer-plugin",
            "extra": {
                "class": "Composer\\Installers\\Plugin",
                "branch-alias": {
                    "dev-main": "2.x-dev"
                }
            },
            "autoload": {
                "psr-4": {
                    "Composer\\Installers\\": "src/Composer/Installers"
                }
            },
            "notification-url": "https://packagist.org/downloads/",
            "license": [
                "MIT"
            ],
            "authors": [
                {
                    "name": "Kyle Robinson Young",
                    "email": "kyle@dontkry.com",
                    "homepage": "https://github.com/shama"
                }
            ],
            "description": "A multi-framework Composer library installer",
            "homepage": "https://composer.github.io/installers/",
            "keywords": [
                "Dolibarr",
                "Eliasis",
                "Hurad",
                "ImageCMS",
                "Kanboard",
                "Lan Management System",
                "MODX Evo",
                "MantisBT",
                "Mautic",
                "Maya",
                "OXID",
                "Plentymarkets",
                "Porto",
                "RadPHP",
                "SMF",
                "Starbug",
                "Thelia",
                "Whmcs",
                "WolfCMS",
                "agl",
                "annotatecms",
                "attogram",
                "bitrix",
                "cakephp",
                "chef",
                "cockpit",
                "codeigniter",
                "concrete5",
                "croogo",
                "dokuwiki",
                "drupal",
                "eZ Platform",
                "elgg",
                "expressionengine",
                "fuelphp",
                "grav",
                "installer",
                "itop",
                "known",
                "kohana",
                "laravel",
                "lavalite",
                "lithium",
                "magento",
                "majima",
                "mako",
                "mediawiki",
                "miaoxing",
                "modulework",
                "modx",
                "moodle",
                "osclass",
                "pantheon",
                "phpbb",
                "piwik",
                "ppi",
                "processwire",
                "puppet",
                "pxcms",
                "reindex",
                "roundcube",
                "shopware",
                "silverstripe",
                "sydes",
                "sylius",
                "tastyigniter",
                "wordpress",
                "yawik",
                "zend",
                "zikula"
            ],
            "support": {
                "issues": "https://github.com/composer/installers/issues",
                "source": "https://github.com/composer/installers/tree/v2.0.1"
            },
            "funding": [
                {
                    "url": "https://packagist.com",
                    "type": "custom"
                },
                {
                    "url": "https://github.com/composer",
                    "type": "github"
                },
                {
                    "url": "https://tidelift.com/funding/github/packagist/composer/composer",
                    "type": "tidelift"
                }
            ],
            "time": "2021-09-13T08:21:20+00:00"
        },
        {
            "name": "dustyf/lib-posts-to-posts",
            "version": "dev-master",
            "source": {
                "type": "git",
                "url": "https://github.com/dustyf/wp-lib-posts-to-posts.git",
                "reference": "59ba8670fe9fa5f02e1d821c4b350fa170d6b357"
            },
            "dist": {
                "type": "zip",
                "url": "https://api.github.com/repos/dustyf/wp-lib-posts-to-posts/zipball/59ba8670fe9fa5f02e1d821c4b350fa170d6b357",
                "reference": "59ba8670fe9fa5f02e1d821c4b350fa170d6b357",
                "shasum": ""
            },
            "require": {
                "dustyf/scb-framework": "dev-master"
            },
            "default-branch": true,
            "type": "library",
            "autoload": {
                "files": [
                    "autoload.php"
                ]
            },
            "license": [
                "GPL-2.0+"
            ],
            "description": "A library for many-to-many relationships in WordPress",
            "homepage": "https://github.com/dustyf/wp-lib-posts-to-posts",
            "support": {
                "source": "https://github.com/dustyf/wp-lib-posts-to-posts/tree/master"
            },
            "time": "2021-11-23T18:46:06+00:00"
        },
        {
            "name": "dustyf/scb-framework",
            "version": "dev-master",
            "source": {
                "type": "git",
                "url": "https://github.com/dustyf/wp-scb-framework.git",
                "reference": "9594a838c3bb66dc4621e82e27eb724d20215211"
            },
            "dist": {
                "type": "zip",
                "url": "https://api.github.com/repos/dustyf/wp-scb-framework/zipball/9594a838c3bb66dc4621e82e27eb724d20215211",
                "reference": "9594a838c3bb66dc4621e82e27eb724d20215211",
                "shasum": ""
            },
            "default-branch": true,
            "type": "library",
            "autoload": {
                "classmap": [
                    "."
                ],
                "files": [
                    "load-composer.php",
                    "Util.php"
                ]
            },
            "license": [
                "GPL-3.0+"
            ],
            "authors": [
                {
                    "name": "Cristi Burcă",
                    "homepage": "http://scribu.net/"
                }
            ],
            "description": "A set of useful classes for faster plugin development",
            "homepage": "https://github.com/dustyf/wp-scb-framework",
            "keywords": [
                "wordpress"
            ],
            "support": {
                "issues": "https://github.com/dustyf/wp-scb-framework/issues",
                "source": "https://github.com/dustyf/wp-scb-framework",
                "wiki": "https://github.com/dustyf/wp-scb-framework/wiki"
            },
            "time": "2021-11-23T18:38:32+00:00"
        },
        {
            "name": "mustache/mustache",
            "version": "v2.13.0",
            "source": {
                "type": "git",
                "url": "https://github.com/bobthecow/mustache.php.git",
                "reference": "e95c5a008c23d3151d59ea72484d4f72049ab7f4"
            },
            "dist": {
                "type": "zip",
                "url": "https://api.github.com/repos/bobthecow/mustache.php/zipball/e95c5a008c23d3151d59ea72484d4f72049ab7f4",
                "reference": "e95c5a008c23d3151d59ea72484d4f72049ab7f4",
                "shasum": ""
            },
            "require": {
                "php": ">=5.2.4"
            },
            "require-dev": {
                "friendsofphp/php-cs-fixer": "~1.11",
                "phpunit/phpunit": "~3.7|~4.0|~5.0"
            },
            "type": "library",
            "autoload": {
                "psr-0": {
                    "Mustache": "src/"
                }
            },
            "notification-url": "https://packagist.org/downloads/",
            "license": [
                "MIT"
            ],
            "authors": [
                {
                    "name": "Justin Hileman",
                    "email": "justin@justinhileman.info",
                    "homepage": "http://justinhileman.com"
                }
            ],
            "description": "A Mustache implementation in PHP.",
            "homepage": "https://github.com/bobthecow/mustache.php",
            "keywords": [
                "mustache",
                "templating"
            ],
            "support": {
                "issues": "https://github.com/bobthecow/mustache.php/issues",
                "source": "https://github.com/bobthecow/mustache.php/tree/master"
            },
            "time": "2019-11-23T21:40:31+00:00"
        }
    ],
    "packages-dev": [],
    "aliases": [],
    "minimum-stability": "dev",
    "stability-flags": {
        "dustyf/lib-posts-to-posts": 20
    },
    "prefer-stable": false,
    "prefer-lowest": false,
    "platform": [],
    "platform-dev": [],
    "plugin-api-version": "2.0.0"
}
